
Microsoft Visual Studio Solution File, Format Version 12.00
# Visual Studio 15
VisualStudioVersion = 15.0.28307.438
MinimumVisualStudioVersion = 10.0.40219.1
Project("{FAE04EC0-301F-11D3-BF4B-00C04F79EFBC}") = "Lab03-Word-Guess-Game", "Lab03-Word-Guess-Game\Lab03-Word-Guess-Game.csproj", "{851522AA-15D4-4CDF-B1FB-F0B35DE771B9}"
EndProject
Global
	GlobalSection(SolutionConfigurationPlatforms) = preSolution
		Debug|Any CPU = Debug|Any CPU
		Release|Any CPU = Release|Any CPU
	EndGlobalSection
	GlobalSection(ProjectConfigurationPlatforms) = postSolution
		{851522AA-15D4-4CDF-B1FB-F0B35DE771B9}.Debug|Any CPU.ActiveCfg = Debug|Any CPU
		{851522AA-15D4-4CDF-B1FB-F0B35DE771B9}.Debug|Any CPU.Build.0 = Debug|Any CPU
		{851522AA-15D4-4CDF-B1FB-F0B35DE771B9}.Release|Any CPU.ActiveCfg = Release|Any CPU
		{851522AA-15D4-4CDF-B1FB-F0B35DE771B9}.Release|Any CPU.Build.0 = Release|Any CPU
	EndGlobalSection
	GlobalSection(SolutionProperties) = preSolution
		HideSolutionNode = FALSE
	EndGlobalSection
	GlobalSection(ExtensibilityGlobals) = postSolution
		SolutionGuid = {1919B21D-AADC-409C-AA39-564527A00644}
	EndGlobalSection
EndGlobal
